
Microsoft Visual Studio Solution File, Format Version 12.00
# Visual Studio Version 17
VisualStudioVersion = 17.2.32210.308
MinimumVisualStudioVersion = 15.0.26124.0
Project("{2150E333-8FDC-42A3-9474-1A3956D46DE8}") = "Solution Items", "Solution Items", "{BADA71DC-7FFD-4EDC-9F28-FB74AEADC713}"
	ProjectSection(SolutionItems) = preProject
		.editorconfig = .editorconfig
		.gitignore = .gitignore
		.vsconfig = .vsconfig
		Directory.Build.props = Directory.Build.props
		Directory.Build.targets = Directory.Build.targets
		Directory.Packages.props = Directory.Packages.props
		global.json = global.json
	EndProjectSection
EndProject
Project("{FAE04EC0-301F-11D3-BF4B-00C04F79EFBC}") = "Counter", "Counter\Counter.csproj", "{D04A19C7-B962-4DE8-BDA9-68783939F37D}"
EndProject
Global
	GlobalSection(SolutionConfigurationPlatforms) = preSolution
		Debug|Any CPU = Debug|Any CPU
		Debug|ARM = Debug|ARM
		Debug|ARM64 = Debug|ARM64
		Debug|iPhone = Debug|iPhone
		Debug|iPhoneSimulator = Debug|iPhoneSimulator
		Debug|x64 = Debug|x64
		Debug|x86 = Debug|x86
		Release|Any CPU = Release|Any CPU
		Release|ARM = Release|ARM
		Release|ARM64 = Release|ARM64
		Release|iPhone = Release|iPhone
		Release|iPhoneSimulator = Release|iPhoneSimulator
		Release|x64 = Release|x64
		Release|x86 = Release|x86
	EndGlobalSection
	GlobalSection(ProjectConfigurationPlatforms) = postSolution
		{D04A19C7-B962-4DE8-BDA9-68783939F37D}.Debug|Any CPU.ActiveCfg = Debug|Any CPU
		{D04A19C7-B962-4DE8-BDA9-68783939F37D}.Debug|Any CPU.Build.0 = Debug|Any CPU
		{D04A19C7-B962-4DE8-BDA9-68783939F37D}.Debug|ARM.ActiveCfg = Debug|Any CPU
		{D04A19C7-B962-4DE8-BDA9-68783939F37D}.Debug|ARM.Build.0 = Debug|Any CPU
		{D04A19C7-B962-4DE8-BDA9-68783939F37D}.Debug|ARM64.ActiveCfg = Debug|Any CPU
		{D04A19C7-B962-4DE8-BDA9-68783939F37D}.Debug|ARM64.Build.0 = Debug|Any CPU
		{D04A19C7-B962-4DE8-BDA9-68783939F37D}.Debug|iPhone.ActiveCfg = Debug|Any CPU
		{D04A19C7-B962-4DE8-BDA9-68783939F37D}.Debug|iPhone.Build.0 = Debug|Any CPU
		{D04A19C7-B962-4DE8-BDA9-68783939F37D}.Debug|iPhoneSimulator.ActiveCfg = Debug|Any CPU
		{D04A19C7-B962-4DE8-BDA9-68783939F37D}.Debug|iPhoneSimulator.Build.0 = Debug|Any CPU
		{D04A19C7-B962-4DE8-BDA9-68783939F37D}.Debug|x64.ActiveCfg = Debug|Any CPU
		{D04A19C7-B962-4DE8-BDA9-68783939F37D}.Debug|x64.Build.0 = Debug|Any CPU
		{D04A19C7-B962-4DE8-BDA9-68783939F37D}.Debug|x86.ActiveCfg = Debug|Any CPU
		{D04A19C7-B962-4DE8-BDA9-68783939F37D}.Debug|x86.Build.0 = Debug|Any CPU
		{D04A19C7-B962-4DE8-BDA9-68783939F37D}.Release|Any CPU.ActiveCfg = Release|Any CPU
		{D04A19C7-B962-4DE8-BDA9-68783939F37D}.Release|Any CPU.Build.0 = Release|Any CPU
		{D04A19C7-B962-4DE8-BDA9-68783939F37D}.Release|ARM.ActiveCfg = Release|Any CPU
		{D04A19C7-B962-4DE8-BDA9-68783939F37D}.Release|ARM.Build.0 = Release|Any CPU
		{D04A19C7-B962-4DE8-BDA9-68783939F37D}.Release|ARM64.ActiveCfg = Release|Any CPU
		{D04A19C7-B962-4DE8-BDA9-68783939F37D}.Release|ARM64.Build.0 = Release|Any CPU
		{D04A19C7-B962-4DE8-BDA9-68783939F37D}.Release|iPhone.ActiveCfg = Release|Any CPU
		{D04A19C7-B962-4DE8-BDA9-68783939F37D}.Release|iPhone.Build.0 = Release|Any CPU
		{D04A19C7-B962-4DE8-BDA9-68783939F37D}.Release|iPhoneSimulator.ActiveCfg = Release|Any CPU
		{D04A19C7-B962-4DE8-BDA9-68783939F37D}.Release|iPhoneSimulator.Build.0 = Release|Any CPU
		{D04A19C7-B962-4DE8-BDA9-68783939F37D}.Release|x64.ActiveCfg = Release|Any CPU
		{D04A19C7-B962-4DE8-BDA9-68783939F37D}.Release|x64.Build.0 = Release|Any CPU
		{D04A19C7-B962-4DE8-BDA9-68783939F37D}.Release|x86.ActiveCfg = Release|Any CPU
		{D04A19C7-B962-4DE8-BDA9-68783939F37D}.Release|x86.Build.0 = Release|Any CPU
	EndGlobalSection
	GlobalSection(SolutionProperties) = preSolution
		HideSolutionNode = FALSE
	EndGlobalSection
	GlobalSection(ExtensibilityGlobals) = postSolution
		SolutionGuid = {8791832C-61C8-4FE4-9EBC-22B554098166}
	EndGlobalSection
EndGlobal
